// !$*UTF8*$!
{
	archiveVersion = 1;
	classes = {
	};
	objectVersion = 50;
	objects = {

/* Begin PBXBuildFile section */
		21357F9C2602136B006E3596 /* AppDelegate.swift in Sources */ = {isa = PBXBuildFile; fileRef = 21357F9B2602136B006E3596 /* AppDelegate.swift */; };
		21357F9E2602136B006E3596 /* SceneDelegate.swift in Sources */ = {isa = PBXBuildFile; fileRef = 21357F9D2602136B006E3596 /* SceneDelegate.swift */; };
		21357FA02602136B006E3596 /* ViewController.swift in Sources */ = {isa = PBXBuildFile; fileRef = 21357F9F2602136B006E3596 /* ViewController.swift */; };
		21357FA32602136B006E3596 /* Main.storyboard in Resources */ = {isa = PBXBuildFile; fileRef = 21357FA12602136B006E3596 /* Main.storyboard */; };
		21357FA62602136B006E3596 /* DragAndDrop.xcdatamodeld in Sources */ = {isa = PBXBuildFile; fileRef = 21357FA42602136B006E3596 /* DragAndDrop.xcdatamodeld */; };
		21357FA82602136E006E3596 /* Assets.xcassets in Resources */ = {isa = PBXBuildFile; fileRef = 21357FA72602136E006E3596 /* Assets.xcassets */; };
		21357FAB2602136E006E3596 /* LaunchScreen.storyboard in Resources */ = {isa = PBXBuildFile; fileRef = 21357FA92602136E006E3596 /* LaunchScreen.storyboard */; };
		21357FB62602136F006E3596 /* DragAndDropTests.swift in Sources */ = {isa = PBXBuildFile; fileRef = 21357FB52602136F006E3596 /* DragAndDropTests.swift */; };
		21357FC12602136F006E3596 /* DragAndDropUITests.swift in Sources */ = {isa = PBXBuildFile; fileRef = 21357FC02602136F006E3596 /* DragAndDropUITests.swift */; };
/* End PBXBuildFile section */

/* Begin PBXContainerItemProxy section */
		21357FB22602136F006E3596 /* PBXContainerItemProxy */ = {
			isa = PBXContainerItemProxy;
			containerPortal = 21357F902602136B006E3596 /* Project object */;
			proxyType = 1;
			remoteGlobalIDString = 21357F972602136B006E3596;
			remoteInfo = DragAndDrop;
		};
		21357FBD2602136F006E3596 /* PBXContainerItemProxy */ = {
			isa = PBXContainerItemProxy;
			containerPortal = 21357F902602136B006E3596 /* Project object */;
			proxyType = 1;
			remoteGlobalIDString = 21357F972602136B006E3596;
			remoteInfo = DragAndDrop;
		};
/* End PBXContainerItemProxy section */

/* Begin PBXFileReference section */
		21357F982602136B006E3596 /* DragAndDrop.app */ = {isa = PBXFileReference; explicitFileType = wrapper.application; includeInIndex = 0; path = DragAndDrop.app; sourceTree = BUILT_PRODUCTS_DIR; };
		21357F9B2602136B006E3596 /* AppDelegate.swift */ = {isa = PBXFileReference; lastKnownFileType = sourcecode.swift; path = AppDelegate.swift; sourceTree = "<group>"; };
		21357F9D2602136B006E3596 /* SceneDelegate.swift */ = {isa = PBXFileReference; lastKnownFileType = sourcecode.swift; path = SceneDelegate.swift; sourceTree = "<group>"; };
		21357F9F2602136B006E3596 /* ViewController.swift */ = {isa = PBXFileReference; lastKnownFileType = sourcecode.swift; path = ViewController.swift; sourceTree = "<group>"; };
		21357FA22602136B006E3596 /* Base */ = {isa = PBXFileReference; lastKnownFileType = file.storyboard; name = Base; path = Base.lproj/Main.storyboard; sourceTree = "<group>"; };
		21357FA52602136B006E3596 /* DragAndDrop.xcdatamodel */ = {isa = PBXFileReference; lastKnownFileType = wrapper.xcdatamodel; path = DragAndDrop.xcdatamodel; sourceTree = "<group>"; };
		21357FA72602136E006E3596 /* Assets.xcassets */ = {isa = PBXFileReference; lastKnownFileType = folder.assetcatalog; path = Assets.xcassets; sourceTree = "<group>"; };
		21357FAA2602136E006E3596 /* Base */ = {isa = PBXFileReference; lastKnownFileType = file.storyboard; name = Base; path = Base.lproj/LaunchScreen.storyboard; sourceTree = "<group>"; };
		21357FAC2602136E006E3596 /* Info.plist */ = {isa = PBXFileReference; lastKnownFileType = text.plist.xml; path = Info.plist; sourceTree = "<group>"; };
		21357FB12602136F006E3596 /* DragAndDropTests.xctest */ = {isa = PBXFileReference; explicitFileType = wrapper.cfbundle; includeInIndex = 0; path = DragAndDropTests.xctest; sourceTree = BUILT_PRODUCTS_DIR; };
		21357FB52602136F006E3596 /* DragAndDropTests.swift */ = {isa = PBXFileReference; lastKnownFileType = sourcecode.swift; path = DragAndDropTests.swift; sourceTree = "<group>"; };
		21357FB72602136F006E3596 /* Info.plist */ = {isa = PBXFileReference; lastKnownFileType = text.plist.xml; path = Info.plist; sourceTree = "<group>"; };
		21357FBC2602136F006E3596 /* DragAndDropUITests.xctest */ = {isa = PBXFileReference; explicitFileType = wrapper.cfbundle; includeInIndex = 0; path = DragAndDropUITests.xctest; sourceTree = BUILT_PRODUCTS_DIR; };
		21357FC02602136F006E3596 /* DragAndDropUITests.swift */ = {isa = PBXFileReference; lastKnownFileType = sourcecode.swift; path = DragAndDropUITests.swift; sourceTree = "<group>"; };
		21357FC22602136F006E3596 /* Info.plist */ = {isa = PBXFileReference; lastKnownFileType = text.plist.xml; path = Info.plist; sourceTree = "<group>"; };
/* End PBXFileReference section */

/* Begin PBXFrameworksBuildPhase section */
		21357F952602136B006E3596 /* Frameworks */ = {
			isa = PBXFrameworksBuildPhase;
			buildActionMask = 2147483647;
			files = (
			);
			runOnlyForDeploymentPostprocessing = 0;
		};
		21357FAE2602136F006E3596 /* Frameworks */ = {
			isa = PBXFrameworksBuildPhase;
			buildActionMask = 2147483647;
			files = (
			);
			runOnlyForDeploymentPostprocessing = 0;
		};
		21357FB92602136F006E3596 /* Frameworks */ = {
			isa = PBXFrameworksBuildPhase;
			buildActionMask = 2147483647;
			files = (
			);
			runOnlyForDeploymentPostprocessing = 0;
		};
/* End PBXFrameworksBuildPhase section */

/* Begin PBXGroup section */
		21357F8F2602136B006E3596 = {
			isa = PBXGroup;
			children = (
				21357F9A2602136B006E3596 /* DragAndDrop */,
				21357FB42602136F006E3596 /* DragAndDropTests */,
				21357FBF2602136F006E3596 /* DragAndDropUITests */,
				21357F992602136B006E3596 /* Products */,
			);
			sourceTree = "<group>";
		};
		21357F992602136B006E3596 /* Products */ = {
			isa = PBXGroup;
			children = (
				21357F982602136B006E3596 /* DragAndDrop.app */,
				21357FB12602136F006E3596 /* DragAndDropTests.xctest */,
				21357FBC2602136F006E3596 /* DragAndDropUITests.xctest */,
			);
			name = Products;
			sourceTree = "<group>";
		};
		21357F9A2602136B006E3596 /* DragAndDrop */ = {
			isa = PBXGroup;
			children = (
				21357F9B2602136B006E3596 /* AppDelegate.swift */,
				21357F9D2602136B006E3596 /* SceneDelegate.swift */,
				21357F9F2602136B006E3596 /* ViewController.swift */,
				21357FA12602136B006E3596 /* Main.storyboard */,
				21357FA72602136E006E3596 /* Assets.xcassets */,
				21357FA92602136E006E3596 /* LaunchScreen.storyboard */,
				21357FAC2602136E006E3596 /* Info.plist */,
				21357FA42602136B006E3596 /* DragAndDrop.xcdatamodeld */,
			);
			path = DragAndDrop;
			sourceTree = "<group>";
		};
		21357FB42602136F006E3596 /* DragAndDropTests */ = {
			isa = PBXGroup;
			children = (
				21357FB52602136F006E3596 /* DragAndDropTests.swift */,
				21357FB72602136F006E3596 /* Info.plist */,
			);
			path = DragAndDropTests;
			sourceTree = "<group>";
		};
		21357FBF2602136F006E3596 /* DragAndDropUITests */ = {
			isa = PBXGroup;
			children = (
				21357FC02602136F006E3596 /* DragAndDropUITests.swift */,
				21357FC22602136F006E3596 /* Info.plist */,
			);
			path = DragAndDropUITests;
			sourceTree = "<group>";
		};
/* End PBXGroup section */

/* Begin PBXNativeTarget section */
		21357F972602136B006E3596 /* DragAndDrop */ = {
			isa = PBXNativeTarget;
			buildConfigurationList = 21357FC52602136F006E3596 /* Build configuration list for PBXNativeTarget "DragAndDrop" */;
			buildPhases = (
				21357F942602136B006E3596 /* Sources */,
				21357F952602136B006E3596 /* Frameworks */,
				21357F962602136B006E3596 /* Resources */,
			);
			buildRules = (
			);
			dependencies = (
			);
			name = DragAndDrop;
			productName = DragAndDrop;
			productReference = 21357F982602136B006E3596 /* DragAndDrop.app */;
			productType = "com.apple.product-type.application";
		};
		21357FB02602136F006E3596 /* DragAndDropTests */ = {
			isa = PBXNativeTarget;
			buildConfigurationList = 21357FC82602136F006E3596 /* Build configuration list for PBXNativeTarget "DragAndDropTests" */;
			buildPhases = (
				21357FAD2602136F006E3596 /* Sources */,
				21357FAE2602136F006E3596 /* Frameworks */,
				21357FAF2602136F006E3596 /* Resources */,
			);
			buildRules = (
			);
			dependencies = (
				21357FB32602136F006E3596 /* PBXTargetDependency */,
			);
			name = DragAndDropTests;
			productName = DragAndDropTests;
			productReference = 21357FB12602136F006E3596 /* DragAndDropTests.xctest */;
			productType = "com.apple.product-type.bundle.unit-test";
		};
		21357FBB2602136F006E3596 /* DragAndDropUITests */ = {
			isa = PBXNativeTarget;
			buildConfigurationList = 21357FCB2602136F006E3596 /* Build configuration list for PBXNativeTarget "DragAndDropUITests" */;
			buildPhases = (
				21357FB82602136F006E3596 /* Sources */,
				21357FB92602136F006E3596 /* Frameworks */,
				21357FBA2602136F006E3596 /* Resources */,
			);
			buildRules = (
			);
			dependencies = (
				21357FBE2602136F006E3596 /* PBXTargetDependency */,
			);
			name = DragAndDropUITests;
			productName = DragAndDropUITests;
			productReference = 21357FBC2602136F006E3596 /* DragAndDropUITests.xctest */;
			productType = "com.apple.product-type.bundle.ui-testing";
		};
/* End PBXNativeTarget section */

/* Begin PBXProject section */
		21357F902602136B006E3596 /* Project object */ = {
			isa = PBXProject;
			attributes = {
				LastSwiftUpdateCheck = 1210;
				LastUpgradeCheck = 1210;
				TargetAttributes = {
					21357F972602136B006E3596 = {
						CreatedOnToolsVersion = 12.1;
					};
					21357FB02602136F006E3596 = {
						CreatedOnToolsVersion = 12.1;
						TestTargetID = 21357F972602136B006E3596;
					};
					21357FBB2602136F006E3596 = {
						CreatedOnToolsVersion = 12.1;
						TestTargetID = 21357F972602136B006E3596;
					};
				};
			};
			buildConfigurationList = 21357F932602136B006E3596 /* Build configuration list for PBXProject "DragAndDrop" */;
			compatibilityVersion = "Xcode 9.3";
			developmentRegion = en;
			hasScannedForEncodings = 0;
			knownRegions = (
				en,
				Base,
			);
			mainGroup = 21357F8F2602136B006E3596;
			productRefGroup = 21357F992602136B006E3596 /* Products */;
			projectDirPath = "";
			projectRoot = "";
			targets = (
				21357F972602136B006E3596 /* DragAndDrop */,
				21357FB02602136F006E3596 /* DragAndDropTests */,
				21357FBB2602136F006E3596 /* DragAndDropUITests */,
			);
		};
/* End PBXProject section */

/* Begin PBXResourcesBuildPhase section */
		21357F962602136B006E3596 /* Resources */ = {
			isa = PBXResourcesBuildPhase;
			buildActionMask = 2147483647;
			files = (
				21357FAB2602136E006E3596 /* LaunchScreen.storyboard in Resources */,
				21357FA82602136E006E3596 /* Assets.xcassets in Resources */,
				21357FA32602136B006E3596 /* Main.storyboard in Resources */,
			);
			runOnlyForDeploymentPostprocessing = 0;
		};
		21357FAF2602136F006E3596 /* Resources */ = {
			isa = PBXResourcesBuildPhase;
			buildActionMask = 2147483647;
			files = (
			);
			runOnlyForDeploymentPostprocessing = 0;
		};
		21357FBA2602136F006E3596 /* Resources */ = {
			isa = PBXResourcesBuildPhase;
			buildActionMask = 2147483647;
			files = (
			);
			runOnlyForDeploymentPostprocessing = 0;
		};
/* End PBXResourcesBuildPhase section */

/* Begin PBXSourcesBuildPhase section */
		21357F942602136B006E3596 /* Sources */ = {
			isa = PBXSourcesBuildPhase;
			buildActionMask = 2147483647;
			files = (
				21357FA02602136B006E3596 /* ViewController.swift in Sources */,
				21357F9C2602136B006E3596 /* AppDelegate.swift in Sources */,
				21357FA62602136B006E3596 /* DragAndDrop.xcdatamodeld in Sources */,
				21357F9E2602136B006E3596 /* SceneDelegate.swift in Sources */,
			);
			runOnlyForDeploymentPostprocessing = 0;
		};
		21357FAD2602136F006E3596 /* Sources */ = {
			isa = PBXSourcesBuildPhase;
			buildActionMask = 2147483647;
			files = (
				21357FB62602136F006E3596 /* DragAndDropTests.swift in Sources */,
			);
			runOnlyForDeploymentPostprocessing = 0;
		};
		21357FB82602136F006E3596 /* Sources */ = {
			isa = PBXSourcesBuildPhase;
			buildActionMask = 2147483647;
			files = (
				21357FC12602136F006E3596 /* DragAndDropUITests.swift in Sources */,
			);
			runOnlyForDeploymentPostprocessing = 0;
		};
/* End PBXSourcesBuildPhase section */

/* Begin PBXTargetDependency section */
		21357FB32602136F006E3596 /* PBXTargetDependency */ = {
			isa = PBXTargetDependency;
			target = 21357F972602136B006E3596 /* DragAndDrop */;
			targetProxy = 21357FB22602136F006E3596 /* PBXContainerItemProxy */;
		};
		21357FBE2602136F006E3596 /* PBXTargetDependency */ = {
			isa = PBXTargetDependency;
			target = 21357F972602136B006E3596 /* DragAndDrop */;
			targetProxy = 21357FBD2602136F006E3596 /* PBXContainerItemProxy */;
		};
/* End PBXTargetDependency section */

/* Begin PBXVariantGroup section */
		21357FA12602136B006E3596 /* Main.storyboard */ = {
			isa = PBXVariantGroup;
			children = (
				21357FA22602136B006E3596 /* Base */,
			);
			name = Main.storyboard;
			sourceTree = "<group>";
		};
		21357FA92602136E006E3596 /* LaunchScreen.storyboard */ = {
			isa = PBXVariantGroup;
			children = (
				21357FAA2602136E006E3596 /* Base */,
			);
			name = LaunchScreen.storyboard;
			sourceTree = "<group>";
		};
/* End PBXVariantGroup section */

/* Begin XCBuildConfiguration section */
		21357FC32602136F006E3596 /* Debug */ = {
			isa = XCBuildConfiguration;
			buildSettings = {
				ALWAYS_SEARCH_USER_PATHS = NO;
				CLANG_ANALYZER_NONNULL = YES;
				CLANG_ANALYZER_NUMBER_OBJECT_CONVERSION = YES_AGGRESSIVE;
				CLANG_CXX_LANGUAGE_STANDARD = "gnu++14";
				CLANG_CXX_LIBRARY = "libc++";
				CLANG_ENABLE_MODULES = YES;
				CLANG_ENABLE_OBJC_ARC = YES;
				CLANG_ENABLE_OBJC_WEAK = YES;
				CLANG_WARN_BLOCK_CAPTURE_AUTORELEASING = YES;
				CLANG_WARN_BOOL_CONVERSION = YES;
				CLANG_WARN_COMMA = YES;
				CLANG_WARN_CONSTANT_CONVERSION = YES;
				CLANG_WARN_DEPRECATED_OBJC_IMPLEMENTATIONS = YES;
				CLANG_WARN_DIRECT_OBJC_ISA_USAGE = YES_ERROR;
				CLANG_WARN_DOCUMENTATION_COMMENTS = YES;
				CLANG_WARN_EMPTY_BODY = YES;
				CLANG_WARN_ENUM_CONVERSION = YES;
				CLANG_WARN_INFINITE_RECURSION = YES;
				CLANG_WARN_INT_CONVERSION = YES;
				CLANG_WARN_NON_LITERAL_NULL_CONVERSION = YES;
				CLANG_WARN_OBJC_IMPLICIT_RETAIN_SELF = YES;
				CLANG_WARN_OBJC_LITERAL_CONVERSION = YES;
				CLANG_WARN_OBJC_ROOT_CLASS = YES_ERROR;
				CLANG_WARN_QUOTED_INCLUDE_IN_FRAMEWORK_HEADER = YES;
				CLANG_WARN_RANGE_LOOP_ANALYSIS = YES;
				CLANG_WARN_STRICT_PROTOTYPES = YES;
				CLANG_WARN_SUSPICIOUS_MOVE = YES;
				CLANG_WARN_UNGUARDED_AVAILABILITY = YES_AGGRESSIVE;
				CLANG_WARN_UNREACHABLE_CODE = YES;
				CLANG_WARN__DUPLICATE_METHOD_MATCH = YES;
				COPY_PHASE_STRIP = NO;
				DEBUG_INFORMATION_FORMAT = dwarf;
				ENABLE_STRICT_OBJC_MSGSEND = YES;
				ENABLE_TESTABILITY = YES;
				GCC_C_LANGUAGE_STANDARD = gnu11;
				GCC_DYNAMIC_NO_PIC = NO;
				GCC_NO_COMMON_BLOCKS = YES;
				GCC_OPTIMIZATION_LEVEL = 0;
				GCC_PREPROCESSOR_DEFINITIONS = (
					"DEBUG=1",
					"$(inherited)",
				);
				GCC_WARN_64_TO_32_BIT_CONVERSION = YES;
				GCC_WARN_ABOUT_RETURN_TYPE = YES_ERROR;
				GCC_WARN_UNDECLARED_SELECTOR = YES;
				GCC_WARN_UNINITIALIZED_AUTOS = YES_AGGRESSIVE;
				GCC_WARN_UNUSED_FUNCTION = YES;
				GCC_WARN_UNUSED_VARIABLE = YES;
				IPHONEOS_DEPLOYMENT_TARGET = 14.1;
				MTL_ENABLE_DEBUG_INFO = INCLUDE_SOURCE;
				MTL_FAST_MATH = YES;
				ONLY_ACTIVE_ARCH = YES;
				SDKROOT = iphoneos;
				SWIFT_ACTIVE_COMPILATION_CONDITIONS = DEBUG;
				SWIFT_OPTIMIZATION_LEVEL = "-Onone";
			};
			name = Debug;
		};
		21357FC42602136F006E3596 /* Release */ = {
			isa = XCBuildConfiguration;
			buildSettings = {
				ALWAYS_SEARCH_USER_PATHS = NO;
				CLANG_ANALYZER_NONNULL = YES;
				CLANG_ANALYZER_NUMBER_OBJECT_CONVERSION = YES_AGGRESSIVE;
				CLANG_CXX_LANGUAGE_STANDARD = "gnu++14";
				CLANG_CXX_LIBRARY = "libc++";
				CLANG_ENABLE_MODULES = YES;
				CLANG_ENABLE_OBJC_ARC = YES;
				CLANG_ENABLE_OBJC_WEAK = YES;
				CLANG_WARN_BLOCK_CAPTURE_AUTORELEASING = YES;
				CLANG_WARN_BOOL_CONVERSION = YES;
				CLANG_WARN_COMMA = YES;
				CLANG_WARN_CONSTANT_CONVERSION = YES;
				CLANG_WARN_DEPRECATED_OBJC_IMPLEMENTATIONS = YES;
				CLANG_WARN_DIRECT_OBJC_ISA_USAGE = YES_ERROR;
				CLANG_WARN_DOCUMENTATION_COMMENTS = YES;
				CLANG_WARN_EMPTY_BODY = YES;
				CLANG_WARN_ENUM_CONVERSION = YES;
				CLANG_WARN_INFINITE_RECURSION = YES;
				CLANG_WARN_INT_CONVERSION = YES;
				CLANG_WARN_NON_LITERAL_NULL_CONVERSION = YES;
				CLANG_WARN_OBJC_IMPLICIT_RETAIN_SELF = YES;
				CLANG_WARN_OBJC_LITERAL_CONVERSION = YES;
				CLANG_WARN_OBJC_ROOT_CLASS = YES_ERROR;
				CLANG_WARN_QUOTED_INCLUDE_IN_FRAMEWORK_HEADER = YES;
				CLANG_WARN_RANGE_LOOP_ANALYSIS = YES;
				CLANG_WARN_STRICT_PROTOTYPES = YES;
				CLANG_WARN_SUSPICIOUS_MOVE = YES;
				CLANG_WARN_UNGUARDED_AVAILABILITY = YES_AGGRESSIVE;
				CLANG_WARN_UNREACHABLE_CODE = YES;
				CLANG_WARN__DUPLICATE_METHOD_MATCH = YES;
				COPY_PHASE_STRIP = NO;
				DEBUG_INFORMATION_FORMAT = "dwarf-with-dsym";
				ENABLE_NS_ASSERTIONS = NO;
				ENABLE_STRICT_OBJC_MSGSEND = YES;
				GCC_C_LANGUAGE_STANDARD = gnu11;
				GCC_NO_COMMON_BLOCKS = YES;
				GCC_WARN_64_TO_32_BIT_CONVERSION = YES;
				GCC_WARN_ABOUT_RETURN_TYPE = YES_ERROR;
				GCC_WARN_UNDECLARED_SELECTOR = YES;
				GCC_WARN_UNINITIALIZED_AUTOS = YES_AGGRESSIVE;
				GCC_WARN_UNUSED_FUNCTION = YES;
				GCC_WARN_UNUSED_VARIABLE = YES;
				IPHONEOS_DEPLOYMENT_TARGET = 14.1;
				MTL_ENABLE_DEBUG_INFO = NO;
				MTL_FAST_MATH = YES;
				SDKROOT = iphoneos;
				SWIFT_COMPILATION_MODE = wholemodule;
				SWIFT_OPTIMIZATION_LEVEL = "-O";
				VALIDATE_PRODUCT = YES;
			};
			name = Release;
		};
		21357FC62602136F006E3596 /* Debug */ = {
			isa = XCBuildConfiguration;
			buildSettings = {
				ASSETCATALOG_COMPILER_APPICON_NAME = AppIcon;
				ASSETCATALOG_COMPILER_GLOBAL_ACCENT_COLOR_NAME = AccentColor;
				CODE_SIGN_STYLE = Automatic;
				INFOPLIST_FILE = DragAndDrop/Info.plist;
				LD_RUNPATH_SEARCH_PATHS = (
					"$(inherited)",
					"@executable_path/Frameworks",
				);
				PRODUCT_BUNDLE_IDENTIFIER = com.Khurram.DragAndDrop;
				PRODUCT_NAME = "$(TARGET_NAME)";
				SWIFT_VERSION = 5.0;
				TARGETED_DEVICE_FAMILY = "1,2";
			};
			name = Debug;
		};
		21357FC72602136F006E3596 /* Release */ = {
			isa = XCBuildConfiguration;
			buildSettings = {
				ASSETCATALOG_COMPILER_APPICON_NAME = AppIcon;
				ASSETCATALOG_COMPILER_GLOBAL_ACCENT_COLOR_NAME = AccentColor;
				CODE_SIGN_STYLE = Automatic;
				INFOPLIST_FILE = DragAndDrop/Info.plist;
				LD_RUNPATH_SEARCH_PATHS = (
					"$(inherited)",
					"@executable_path/Frameworks",
				);
				PRODUCT_BUNDLE_IDENTIFIER = com.Khurram.DragAndDrop;
				PRODUCT_NAME = "$(TARGET_NAME)";
				SWIFT_VERSION = 5.0;
				TARGETED_DEVICE_FAMILY = "1,2";
			};
			name = Release;
		};
		21357FC92602136F006E3596 /* Debug */ = {
			isa = XCBuildConfiguration;
			buildSettings = {
				ALWAYS_EMBED_SWIFT_STANDARD_LIBRARIES = YES;
				BUNDLE_LOADER = "$(TEST_HOST)";
				CODE_SIGN_STYLE = Automatic;
				INFOPLIST_FILE = DragAndDropTests/Info.plist;
				IPHONEOS_DEPLOYMENT_TARGET = 14.1;
				LD_RUNPATH_SEARCH_PATHS = (
					"$(inherited)",
					"@executable_path/Frameworks",
					"@loader_path/Frameworks",
				);
				PRODUCT_BUNDLE_IDENTIFIER = com.Khurram.DragAndDropTests;
				PRODUCT_NAME = "$(TARGET_NAME)";
				SWIFT_VERSION = 5.0;
				TARGETED_DEVICE_FAMILY = "1,2";
				TEST_HOST = "$(BUILT_PRODUCTS_DIR)/DragAndDrop.app/DragAndDrop";
			};
			name = Debug;
		};
		21357FCA2602136F006E3596 /* Release */ = {
			isa = XCBuildConfiguration;
			buildSettings = {
				ALWAYS_EMBED_SWIFT_STANDARD_LIBRARIES = YES;
				BUNDLE_LOADER = "$(TEST_HOST)";
				CODE_SIGN_STYLE = Automatic;
				INFOPLIST_FILE = DragAndDropTests/Info.plist;
				IPHONEOS_DEPLOYMENT_TARGET = 14.1;
				LD_RUNPATH_SEARCH_PATHS = (
					"$(inherited)",
					"@executable_path/Frameworks",
					"@loader_path/Frameworks",
				);
				PRODUCT_BUNDLE_IDENTIFIER = com.Khurram.DragAndDropTests;
				PRODUCT_NAME = "$(TARGET_NAME)";
				SWIFT_VERSION = 5.0;
				TARGETED_DEVICE_FAMILY = "1,2";
				TEST_HOST = "$(BUILT_PRODUCTS_DIR)/DragAndDrop.app/DragAndDrop";
			};
			name = Release;
		};
		21357FCC2602136F006E3596 /* Debug */ = {
			isa = XCBuildConfiguration;
			buildSettings = {
				ALWAYS_EMBED_SWIFT_STANDARD_LIBRARIES = YES;
				CODE_SIGN_STYLE = Automatic;
				INFOPLIST_FILE = DragAndDropUITests/Info.plist;
				LD_RUNPATH_SEARCH_PATHS = (
					"$(inherited)",
					"@executable_path/Frameworks",
					"@loader_path/Frameworks",
				);
				PRODUCT_BUNDLE_IDENTIFIER = com.Khurram.DragAndDropUITests;
				PRODUCT_NAME = "$(TARGET_NAME)";
				SWIFT_VERSION = 5.0;
				TARGETED_DEVICE_FAMILY = "1,2";
				TEST_TARGET_NAME = DragAndDrop;
			};
			name = Debug;
		};
		21357FCD2602136F006E3596 /* Release */ = {
			isa = XCBuildConfiguration;
			buildSettings = {
				ALWAYS_EMBED_SWIFT_STANDARD_LIBRARIES = YES;
				CODE_SIGN_STYLE = Automatic;
				INFOPLIST_FILE = DragAndDropUITests/Info.plist;
				LD_RUNPATH_SEARCH_PATHS = (
					"$(inherited)",
					"@executable_path/Frameworks",
					"@loader_path/Frameworks",
				);
				PRODUCT_BUNDLE_IDENTIFIER = com.Khurram.DragAndDropUITests;
				PRODUCT_NAME = "$(TARGET_NAME)";
				SWIFT_VERSION = 5.0;
				TARGETED_DEVICE_FAMILY = "1,2";
				TEST_TARGET_NAME = DragAndDrop;
			};
			name = Release;
		};
/* End XCBuildConfiguration section */

/* Begin XCConfigurationList section */
		21357F932602136B006E3596 /* Build configuration list for PBXProject "DragAndDrop" */ = {
			isa = XCConfigurationList;
			buildConfigurations = (
				21357FC32602136F006E3596 /* Debug */,
				21357FC42602136F006E3596 /* Release */,
			);
			defaultConfigurationIsVisible = 0;
			defaultConfigurationName = Release;
		};
		21357FC52602136F006E3596 /* Build configuration list for PBXNativeTarget "DragAndDrop" */ = {
			isa = XCConfigurationList;
			buildConfigurations = (
				21357FC62602136F006E3596 /* Debug */,
				21357FC72602136F006E3596 /* Release */,
			);
			defaultConfigurationIsVisible = 0;
			defaultConfigurationName = Release;
		};
		21357FC82602136F006E3596 /* Build configuration list for PBXNativeTarget "DragAndDropTests" */ = {
			isa = XCConfigurationList;
			buildConfigurations = (
				21357FC92602136F006E3596 /* Debug */,
				21357FCA2602136F006E3596 /* Release */,
			);
			defaultConfigurationIsVisible = 0;
			defaultConfigurationName = Release;
		};
		21357FCB2602136F006E3596 /* Build configuration list for PBXNativeTarget "DragAndDropUITests" */ = {
			isa = XCConfigurationList;
			buildConfigurations = (
				21357FCC2602136F006E3596 /* Debug */,
				21357FCD2602136F006E3596 /* Release */,
			);
			defaultConfigurationIsVisible = 0;
			defaultConfigurationName = Release;
		};
/* End XCConfigurationList section */

/* Begin XCVersionGroup section */
		21357FA42602136B006E3596 /* DragAndDrop.xcdatamodeld */ = {
			isa = XCVersionGroup;
			children = (
				21357FA52602136B006E3596 /* DragAndDrop.xcdatamodel */,
			);
			currentVersion = 21357FA52602136B006E3596 /* DragAndDrop.xcdatamodel */;
			path = DragAndDrop.xcdatamodeld;
			sourceTree = "<group>";
			versionGroupType = wrapper.xcdatamodel;
		};
/* End XCVersionGroup section */
	};
	rootObject = 21357F902602136B006E3596 /* Project object */;
}
